// !$*UTF8*$!
{
	archiveVersion = 1;
	classes = {
	};
	objectVersion = 56;
	objects = {

/* Begin PBXBuildFile section */
		E18DD67A29225B0F00910A48 /* StatsRow.swift in Sources */ = {isa = PBXBuildFile; fileRef = E18DD67929225B0F00910A48 /* StatsRow.swift */; };
		E18DD67C292278B400910A48 /* ListView.swift in Sources */ = {isa = PBXBuildFile; fileRef = E18DD67B292278B400910A48 /* ListView.swift */; };
		E18DD6802922A60C00910A48 /* CellView.swift in Sources */ = {isa = PBXBuildFile; fileRef = E18DD67F2922A60C00910A48 /* CellView.swift */; };
		E1EF19DE291FB95C0035BCFF /* _1_MiPrimeraAppApp.swift in Sources */ = {isa = PBXBuildFile; fileRef = E1EF19DD291FB95C0035BCFF /* _1_MiPrimeraAppApp.swift */; };
		E1EF19E0291FB95C0035BCFF /* DetailView.swift in Sources */ = {isa = PBXBuildFile; fileRef = E1EF19DF291FB95C0035BCFF /* DetailView.swift */; };
		E1EF19E2291FB95F0035BCFF /* Assets.xcassets in Resources */ = {isa = PBXBuildFile; fileRef = E1EF19E1291FB95F0035BCFF /* Assets.xcassets */; };
		E1EF19E5291FB95F0035BCFF /* Preview Assets.xcassets in Resources */ = {isa = PBXBuildFile; fileRef = E1EF19E4291FB95F0035BCFF /* Preview Assets.xcassets */; };
		E1EF19EC29202F080035BCFF /* Driver.swift in Sources */ = {isa = PBXBuildFile; fileRef = E1EF19EB29202F080035BCFF /* Driver.swift */; };
/* End PBXBuildFile section */

/* Begin PBXFileReference section */
		E18DD67929225B0F00910A48 /* StatsRow.swift */ = {isa = PBXFileReference; lastKnownFileType = sourcecode.swift; path = StatsRow.swift; sourceTree = "<group>"; };
		E18DD67B292278B400910A48 /* ListView.swift */ = {isa = PBXFileReference; lastKnownFileType = sourcecode.swift; path = ListView.swift; sourceTree = "<group>"; };
		E18DD67F2922A60C00910A48 /* CellView.swift */ = {isa = PBXFileReference; lastKnownFileType = sourcecode.swift; path = CellView.swift; sourceTree = "<group>"; };
		E1EF19DA291FB95C0035BCFF /* 01-MiPrimeraApp.app */ = {isa = PBXFileReference; explicitFileType = wrapper.application; includeInIndex = 0; path = "01-MiPrimeraApp.app"; sourceTree = BUILT_PRODUCTS_DIR; };
		E1EF19DD291FB95C0035BCFF /* _1_MiPrimeraAppApp.swift */ = {isa = PBXFileReference; lastKnownFileType = sourcecode.swift; path = _1_MiPrimeraAppApp.swift; sourceTree = "<group>"; };
		E1EF19DF291FB95C0035BCFF /* DetailView.swift */ = {isa = PBXFileReference; lastKnownFileType = sourcecode.swift; path = DetailView.swift; sourceTree = "<group>"; };
		E1EF19E1291FB95F0035BCFF /* Assets.xcassets */ = {isa = PBXFileReference; lastKnownFileType = folder.assetcatalog; path = Assets.xcassets; sourceTree = "<group>"; };
		E1EF19E4291FB95F0035BCFF /* Preview Assets.xcassets */ = {isa = PBXFileReference; lastKnownFileType = folder.assetcatalog; path = "Preview Assets.xcassets"; sourceTree = "<group>"; };
		E1EF19EB29202F080035BCFF /* Driver.swift */ = {isa = PBXFileReference; fileEncoding = 4; lastKnownFileType = sourcecode.swift; path = Driver.swift; sourceTree = "<group>"; };
/* End PBXFileReference section */

/* Begin PBXFrameworksBuildPhase section */
		E1EF19D7291FB95C0035BCFF /* Frameworks */ = {
			isa = PBXFrameworksBuildPhase;
			buildActionMask = 2147483647;
			files = (
			);
			runOnlyForDeploymentPostprocessing = 0;
		};
/* End PBXFrameworksBuildPhase section */

/* Begin PBXGroup section */
		E18DD67D292278C200910A48 /* View */ = {
			isa = PBXGroup;
			children = (
				E18DD68129235DC000910A48 /* List */,
				E18DD68229235DCF00910A48 /* Detail */,
			);
			path = View;
			sourceTree = "<group>";
		};
		E18DD67E292278E800910A48 /* Model */ = {
			isa = PBXGroup;
			children = (
				E1EF19EB29202F080035BCFF /* Driver.swift */,
			);
			path = Model;
			sourceTree = "<group>";
		};
		E18DD68129235DC000910A48 /* List */ = {
			isa = PBXGroup;
			children = (
				E18DD67B292278B400910A48 /* ListView.swift */,
				E18DD67F2922A60C00910A48 /* CellView.swift */,
			);
			path = List;
			sourceTree = "<group>";
		};
		E18DD68229235DCF00910A48 /* Detail */ = {
			isa = PBXGroup;
			children = (
				E1EF19DF291FB95C0035BCFF /* DetailView.swift */,
				E18DD67929225B0F00910A48 /* StatsRow.swift */,
			);
			path = Detail;
			sourceTree = "<group>";
		};
		E1EF19D1291FB95C0035BCFF = {
			isa = PBXGroup;
			children = (
				E1EF19DC291FB95C0035BCFF /* 01-MiPrimeraApp */,
				E1EF19DB291FB95C0035BCFF /* Products */,
			);
			sourceTree = "<group>";
		};
		E1EF19DB291FB95C0035BCFF /* Products */ = {
			isa = PBXGroup;
			children = (
				E1EF19DA291FB95C0035BCFF /* 01-MiPrimeraApp.app */,
			);
			name = Products;
			sourceTree = "<group>";
		};
		E1EF19DC291FB95C0035BCFF /* 01-MiPrimeraApp */ = {
			isa = PBXGroup;
			children = (
				E1EF19DD291FB95C0035BCFF /* _1_MiPrimeraAppApp.swift */,
				E18DD67D292278C200910A48 /* View */,
				E18DD67E292278E800910A48 /* Model */,
				E1EF19E1291FB95F0035BCFF /* Assets.xcassets */,
				E1EF19E3291FB95F0035BCFF /* Preview Content */,
			);
			path = "01-MiPrimeraApp";
			sourceTree = "<group>";
		};
		E1EF19E3291FB95F0035BCFF /* Preview Content */ = {
			isa = PBXGroup;
			children = (
				E1EF19E4291FB95F0035BCFF /* Preview Assets.xcassets */,
			);
			path = "Preview Content";
			sourceTree = "<group>";
		};
/* End PBXGroup section */

/* Begin PBXNativeTarget section */
		E1EF19D9291FB95C0035BCFF /* 01-MiPrimeraApp */ = {
			isa = PBXNativeTarget;
			buildConfigurationList = E1EF19E8291FB95F0035BCFF /* Build configuration list for PBXNativeTarget "01-MiPrimeraApp" */;
			buildPhases = (
				E1EF19D6291FB95C0035BCFF /* Sources */,
				E1EF19D7291FB95C0035BCFF /* Frameworks */,
				E1EF19D8291FB95C0035BCFF /* Resources */,
			);
			buildRules = (
			);
			dependencies = (
			);
			name = "01-MiPrimeraApp";
			productName = "01-MiPrimeraApp";
			productReference = E1EF19DA291FB95C0035BCFF /* 01-MiPrimeraApp.app */;
			productType = "com.apple.product-type.application";
		};
/* End PBXNativeTarget section */

/* Begin PBXProject section */
		E1EF19D2291FB95C0035BCFF /* Project object */ = {
			isa = PBXProject;
			attributes = {
				BuildIndependentTargetsInParallel = 1;
				LastSwiftUpdateCheck = 1410;
				LastUpgradeCheck = 1410;
				TargetAttributes = {
					E1EF19D9291FB95C0035BCFF = {
						CreatedOnToolsVersion = 14.1;
					};
				};
			};
			buildConfigurationList = E1EF19D5291FB95C0035BCFF /* Build configuration list for PBXProject "01-MiPrimeraApp" */;
			compatibilityVersion = "Xcode 14.0";
			developmentRegion = en;
			hasScannedForEncodings = 0;
			knownRegions = (
				en,
				Base,
			);
			mainGroup = E1EF19D1291FB95C0035BCFF;
			productRefGroup = E1EF19DB291FB95C0035BCFF /* Products */;
			projectDirPath = "";
			projectRoot = "";
			targets = (
				E1EF19D9291FB95C0035BCFF /* 01-MiPrimeraApp */,
			);
		};
/* End PBXProject section */

/* Begin PBXResourcesBuildPhase section */
		E1EF19D8291FB95C0035BCFF /* Resources */ = {
			isa = PBXResourcesBuildPhase;
			buildActionMask = 2147483647;
			files = (
				E1EF19E5291FB95F0035BCFF /* Preview Assets.xcassets in Resources */,
				E1EF19E2291FB95F0035BCFF /* Assets.xcassets in Resources */,
			);
			runOnlyForDeploymentPostprocessing = 0;
		};
/* End PBXResourcesBuildPhase section */

/* Begin PBXSourcesBuildPhase section */
		E1EF19D6291FB95C0035BCFF /* Sources */ = {
			isa = PBXSourcesBuildPhase;
			buildActionMask = 2147483647;
			files = (
				E1EF19EC29202F080035BCFF /* Driver.swift in Sources */,
				E18DD67A29225B0F00910A48 /* StatsRow.swift in Sources */,
				E18DD6802922A60C00910A48 /* CellView.swift in Sources */,
				E18DD67C292278B400910A48 /* ListView.swift in Sources */,
				E1EF19E0291FB95C0035BCFF /* DetailView.swift in Sources */,
				E1EF19DE291FB95C0035BCFF /* _1_MiPrimeraAppApp.swift in Sources */,
			);
			runOnlyForDeploymentPostprocessing = 0;
		};
/* End PBXSourcesBuildPhase section */

/* Begin XCBuildConfiguration section */
		E1EF19E6291FB95F0035BCFF /* Debug */ = {
			isa = XCBuildConfiguration;
			buildSettings = {
				ALWAYS_SEARCH_USER_PATHS = NO;
				CLANG_ANALYZER_NONNULL = YES;
				CLANG_ANALYZER_NUMBER_OBJECT_CONVERSION = YES_AGGRESSIVE;
				CLANG_CXX_LANGUAGE_STANDARD = "gnu++20";
				CLANG_ENABLE_MODULES = YES;
				CLANG_ENABLE_OBJC_ARC = YES;
				CLANG_ENABLE_OBJC_WEAK = YES;
				CLANG_WARN_BLOCK_CAPTURE_AUTORELEASING = YES;
				CLANG_WARN_BOOL_CONVERSION = YES;
				CLANG_WARN_COMMA = YES;
				CLANG_WARN_CONSTANT_CONVERSION = YES;
				CLANG_WARN_DEPRECATED_OBJC_IMPLEMENTATIONS = YES;
				CLANG_WARN_DIRECT_OBJC_ISA_USAGE = YES_ERROR;
				CLANG_WARN_DOCUMENTATION_COMMENTS = YES;
				CLANG_WARN_EMPTY_BODY = YES;
				CLANG_WARN_ENUM_CONVERSION = YES;
				CLANG_WARN_INFINITE_RECURSION = YES;
				CLANG_WARN_INT_CONVERSION = YES;
				CLANG_WARN_NON_LITERAL_NULL_CONVERSION = YES;
				CLANG_WARN_OBJC_IMPLICIT_RETAIN_SELF = YES;
				CLANG_WARN_OBJC_LITERAL_CONVERSION = YES;
				CLANG_WARN_OBJC_ROOT_CLASS = YES_ERROR;
				CLANG_WARN_QUOTED_INCLUDE_IN_FRAMEWORK_HEADER = YES;
				CLANG_WARN_RANGE_LOOP_ANALYSIS = YES;
				CLANG_WARN_STRICT_PROTOTYPES = YES;
				CLANG_WARN_SUSPICIOUS_MOVE = YES;
				CLANG_WARN_UNGUARDED_AVAILABILITY = YES_AGGRESSIVE;
				CLANG_WARN_UNREACHABLE_CODE = YES;
				CLANG_WARN__DUPLICATE_METHOD_MATCH = YES;
				COPY_PHASE_STRIP = NO;
				DEBUG_INFORMATION_FORMAT = dwarf;
				ENABLE_STRICT_OBJC_MSGSEND = YES;
				ENABLE_TESTABILITY = YES;
				GCC_C_LANGUAGE_STANDARD = gnu11;
				GCC_DYNAMIC_NO_PIC = NO;
				GCC_NO_COMMON_BLOCKS = YES;
				GCC_OPTIMIZATION_LEVEL = 0;
				GCC_PREPROCESSOR_DEFINITIONS = (
					"DEBUG=1",
					"$(inherited)",
				);
				GCC_WARN_64_TO_32_BIT_CONVERSION = YES;
				GCC_WARN_ABOUT_RETURN_TYPE = YES_ERROR;
				GCC_WARN_UNDECLARED_SELECTOR = YES;
				GCC_WARN_UNINITIALIZED_AUTOS = YES_AGGRESSIVE;
				GCC_WARN_UNUSED_FUNCTION = YES;
				GCC_WARN_UNUSED_VARIABLE = YES;
				IPHONEOS_DEPLOYMENT_TARGET = 16.1;
				MTL_ENABLE_DEBUG_INFO = INCLUDE_SOURCE;
				MTL_FAST_MATH = YES;
				ONLY_ACTIVE_ARCH = YES;
				SDKROOT = iphoneos;
				SWIFT_ACTIVE_COMPILATION_CONDITIONS = DEBUG;
				SWIFT_OPTIMIZATION_LEVEL = "-Onone";
			};
			name = Debug;
		};
		E1EF19E7291FB95F0035BCFF /* Release */ = {
			isa = XCBuildConfiguration;
			buildSettings = {
				ALWAYS_SEARCH_USER_PATHS = NO;
				CLANG_ANALYZER_NONNULL = YES;
				CLANG_ANALYZER_NUMBER_OBJECT_CONVERSION = YES_AGGRESSIVE;
				CLANG_CXX_LANGUAGE_STANDARD = "gnu++20";
				CLANG_ENABLE_MODULES = YES;
				CLANG_ENABLE_OBJC_ARC = YES;
				CLANG_ENABLE_OBJC_WEAK = YES;
				CLANG_WARN_BLOCK_CAPTURE_AUTORELEASING = YES;
				CLANG_WARN_BOOL_CONVERSION = YES;
				CLANG_WARN_COMMA = YES;
				CLANG_WARN_CONSTANT_CONVERSION = YES;
				CLANG_WARN_DEPRECATED_OBJC_IMPLEMENTATIONS = YES;
				CLANG_WARN_DIRECT_OBJC_ISA_USAGE = YES_ERROR;
				CLANG_WARN_DOCUMENTATION_COMMENTS = YES;
				CLANG_WARN_EMPTY_BODY = YES;
				CLANG_WARN_ENUM_CONVERSION = YES;
				CLANG_WARN_INFINITE_RECURSION = YES;
				CLANG_WARN_INT_CONVERSION = YES;
				CLANG_WARN_NON_LITERAL_NULL_CONVERSION = YES;
				CLANG_WARN_OBJC_IMPLICIT_RETAIN_SELF = YES;
				CLANG_WARN_OBJC_LITERAL_CONVERSION = YES;
				CLANG_WARN_OBJC_ROOT_CLASS = YES_ERROR;
				CLANG_WARN_QUOTED_INCLUDE_IN_FRAMEWORK_HEADER = YES;
				CLANG_WARN_RANGE_LOOP_ANALYSIS = YES;
				CLANG_WARN_STRICT_PROTOTYPES = YES;
				CLANG_WARN_SUSPICIOUS_MOVE = YES;
				CLANG_WARN_UNGUARDED_AVAILABILITY = YES_AGGRESSIVE;
				CLANG_WARN_UNREACHABLE_CODE = YES;
				CLANG_WARN__DUPLICATE_METHOD_MATCH = YES;
				COPY_PHASE_STRIP = NO;
				DEBUG_INFORMATION_FORMAT = "dwarf-with-dsym";
				ENABLE_NS_ASSERTIONS = NO;
				ENABLE_STRICT_OBJC_MSGSEND = YES;
				GCC_C_LANGUAGE_STANDARD = gnu11;
				GCC_NO_COMMON_BLOCKS = YES;
				GCC_WARN_64_TO_32_BIT_CONVERSION = YES;
				GCC_WARN_ABOUT_RETURN_TYPE = YES_ERROR;
				GCC_WARN_UNDECLARED_SELECTOR = YES;
				GCC_WARN_UNINITIALIZED_AUTOS = YES_AGGRESSIVE;
				GCC_WARN_UNUSED_FUNCTION = YES;
				GCC_WARN_UNUSED_VARIABLE = YES;
				IPHONEOS_DEPLOYMENT_TARGET = 16.1;
				MTL_ENABLE_DEBUG_INFO = NO;
				MTL_FAST_MATH = YES;
				SDKROOT = iphoneos;
				SWIFT_COMPILATION_MODE = wholemodule;
				SWIFT_OPTIMIZATION_LEVEL = "-O";
				VALIDATE_PRODUCT = YES;
			};
			name = Release;
		};
		E1EF19E9291FB95F0035BCFF /* Debug */ = {
			isa = XCBuildConfiguration;
			buildSettings = {
				ASSETCATALOG_COMPILER_APPICON_NAME = AppIcon;
				ASSETCATALOG_COMPILER_GLOBAL_ACCENT_COLOR_NAME = AccentColor;
				CODE_SIGN_STYLE = Automatic;
				CURRENT_PROJECT_VERSION = 1;
				DEVELOPMENT_ASSET_PATHS = "\"01-MiPrimeraApp/Preview Content\"";
				DEVELOPMENT_TEAM = 96GRBZY78X;
				ENABLE_PREVIEWS = YES;
				GENERATE_INFOPLIST_FILE = YES;
				INFOPLIST_KEY_UIApplicationSceneManifest_Generation = YES;
				INFOPLIST_KEY_UIApplicationSupportsIndirectInputEvents = YES;
				INFOPLIST_KEY_UILaunchScreen_Generation = YES;
				INFOPLIST_KEY_UISupportedInterfaceOrientations_iPad = "UIInterfaceOrientationPortrait UIInterfaceOrientationPortraitUpsideDown UIInterfaceOrientationLandscapeLeft UIInterfaceOrientationLandscapeRight";
				INFOPLIST_KEY_UISupportedInterfaceOrientations_iPhone = "UIInterfaceOrientationPortrait UIInterfaceOrientationLandscapeLeft UIInterfaceOrientationLandscapeRight";
				LD_RUNPATH_SEARCH_PATHS = (
					"$(inherited)",
					"@executable_path/Frameworks",
				);
				MARKETING_VERSION = 1.0;
				PRODUCT_BUNDLE_IDENTIFIER = "com.ixavy.-1-MiPrimeraApp";
				PRODUCT_NAME = "$(TARGET_NAME)";
				SWIFT_EMIT_LOC_STRINGS = YES;
				SWIFT_VERSION = 5.0;
				TARGETED_DEVICE_FAMILY = "1,2";
			};
			name = Debug;
		};
		E1EF19EA291FB95F0035BCFF /* Release */ = {
			isa = XCBuildConfiguration;
			buildSettings = {
				ASSETCATALOG_COMPILER_APPICON_NAME = AppIcon;
				ASSETCATALOG_COMPILER_GLOBAL_ACCENT_COLOR_NAME = AccentColor;
				CODE_SIGN_STYLE = Automatic;
				CURRENT_PROJECT_VERSION = 1;
				DEVELOPMENT_ASSET_PATHS = "\"01-MiPrimeraApp/Preview Content\"";
				DEVELOPMENT_TEAM = 96GRBZY78X;
				ENABLE_PREVIEWS = YES;
				GENERATE_INFOPLIST_FILE = YES;
				INFOPLIST_KEY_UIApplicationSceneManifest_Generation = YES;
				INFOPLIST_KEY_UIApplicationSupportsIndirectInputEvents = YES;
				INFOPLIST_KEY_UILaunchScreen_Generation = YES;
				INFOPLIST_KEY_UISupportedInterfaceOrientations_iPad = "UIInterfaceOrientationPortrait UIInterfaceOrientationPortraitUpsideDown UIInterfaceOrientationLandscapeLeft UIInterfaceOrientationLandscapeRight";
				INFOPLIST_KEY_UISupportedInterfaceOrientations_iPhone = "UIInterfaceOrientationPortrait UIInterfaceOrientationLandscapeLeft UIInterfaceOrientationLandscapeRight";
				LD_RUNPATH_SEARCH_PATHS = (
					"$(inherited)",
					"@executable_path/Frameworks",
				);
				MARKETING_VERSION = 1.0;
				PRODUCT_BUNDLE_IDENTIFIER = "com.ixavy.-1-MiPrimeraApp";
				PRODUCT_NAME = "$(TARGET_NAME)";
				SWIFT_EMIT_LOC_STRINGS = YES;
				SWIFT_VERSION = 5.0;
				TARGETED_DEVICE_FAMILY = "1,2";
			};
			name = Release;
		};
/* End XCBuildConfiguration section */

/* Begin XCConfigurationList section */
		E1EF19D5291FB95C0035BCFF /* Build configuration list for PBXProject "01-MiPrimeraApp" */ = {
			isa = XCConfigurationList;
			buildConfigurations = (
				E1EF19E6291FB95F0035BCFF /* Debug */,
				E1EF19E7291FB95F0035BCFF /* Release */,
			);
			defaultConfigurationIsVisible = 0;
			defaultConfigurationName = Release;
		};
		E1EF19E8291FB95F0035BCFF /* Build configuration list for PBXNativeTarget "01-MiPrimeraApp" */ = {
			isa = XCConfigurationList;
			buildConfigurations = (
				E1EF19E9291FB95F0035BCFF /* Debug */,
				E1EF19EA291FB95F0035BCFF /* Release */,
			);
			defaultConfigurationIsVisible = 0;
			defaultConfigurationName = Release;
		};
/* End XCConfigurationList section */
	};
	rootObject = E1EF19D2291FB95C0035BCFF /* Project object */;
}
